
Microsoft Visual Studio Solution File, Format Version 12.00
# Visual Studio Version 17
VisualStudioVersion = 17.0.31903.59
MinimumVisualStudioVersion = 10.0.40219.1
Project("{FAE04EC0-301F-11D3-BF4B-00C04F79EFBC}") = "Api", "Api\Api.csproj", "{9625A1CF-4FC2-4B27-88F3-A3906341CC56}"
EndProject
Project("{FAE04EC0-301F-11D3-BF4B-00C04F79EFBC}") = "DataAccess", "DataAccess\DataAccess.csproj", "{43558B42-3FFE-447F-9AE2-1E68C9680664}"
EndProject
Project("{2150E333-8FDC-42A3-9474-1A3956D46DE8}") = "tests", "tests", "{873BE7CF-5147-4327-886D-4EFE5BAFE5F2}"
EndProject
Project("{FAE04EC0-301F-11D3-BF4B-00C04F79EFBC}") = "DataAccessTests", "tests\DataAccessTests\DataAccessTests.csproj", "{1921C3F7-1018-42B8-9177-B582867F4E1E}"
EndProject
Global
	GlobalSection(SolutionConfigurationPlatforms) = preSolution
		Debug|Any CPU = Debug|Any CPU
		Release|Any CPU = Release|Any CPU
	EndGlobalSection
	GlobalSection(SolutionProperties) = preSolution
		HideSolutionNode = FALSE
	EndGlobalSection
	GlobalSection(ProjectConfigurationPlatforms) = postSolution
		{9625A1CF-4FC2-4B27-88F3-A3906341CC56}.Debug|Any CPU.ActiveCfg = Debug|Any CPU
		{9625A1CF-4FC2-4B27-88F3-A3906341CC56}.Debug|Any CPU.Build.0 = Debug|Any CPU
		{9625A1CF-4FC2-4B27-88F3-A3906341CC56}.Release|Any CPU.ActiveCfg = Release|Any CPU
		{9625A1CF-4FC2-4B27-88F3-A3906341CC56}.Release|Any CPU.Build.0 = Release|Any CPU
		{43558B42-3FFE-447F-9AE2-1E68C9680664}.Debug|Any CPU.ActiveCfg = Debug|Any CPU
		{43558B42-3FFE-447F-9AE2-1E68C9680664}.Debug|Any CPU.Build.0 = Debug|Any CPU
		{43558B42-3FFE-447F-9AE2-1E68C9680664}.Release|Any CPU.ActiveCfg = Release|Any CPU
		{43558B42-3FFE-447F-9AE2-1E68C9680664}.Release|Any CPU.Build.0 = Release|Any CPU
		{1921C3F7-1018-42B8-9177-B582867F4E1E}.Debug|Any CPU.ActiveCfg = Debug|Any CPU
		{1921C3F7-1018-42B8-9177-B582867F4E1E}.Debug|Any CPU.Build.0 = Debug|Any CPU
		{1921C3F7-1018-42B8-9177-B582867F4E1E}.Release|Any CPU.ActiveCfg = Release|Any CPU
		{1921C3F7-1018-42B8-9177-B582867F4E1E}.Release|Any CPU.Build.0 = Release|Any CPU
	EndGlobalSection
	GlobalSection(NestedProjects) = preSolution
		{1921C3F7-1018-42B8-9177-B582867F4E1E} = {873BE7CF-5147-4327-886D-4EFE5BAFE5F2}
	EndGlobalSection
EndGlobal
